
Microsoft Visual Studio Solution File, Format Version 12.00
# Visual Studio 2012
Project("{FAE04EC0-301F-11D3-BF4B-00C04F79EFBC}") = "Adept.Combres", "Adept.Combres\Adept.Combres.csproj", "{C34BE7ED-1957-46A9-A08A-0A771AAEC102}"
EndProject
Project("{FAE04EC0-301F-11D3-BF4B-00C04F79EFBC}") = "Adept.Combres.Sample", "Adept.Combres.Sample\Adept.Combres.Sample.csproj", "{3307ADA5-9F2C-464D-ABD9-8BA106217DD0}"
EndProject
Project("{2150E333-8FDC-42A3-9474-1A3956D46DE8}") = ".nuget", ".nuget", "{1C994C18-08FA-4FD7-83FB-339E172E7938}"
	ProjectSection(SolutionItems) = preProject
		.nuget\packages.config = .nuget\packages.config
	EndProjectSection
EndProject
Global
	GlobalSection(SolutionConfigurationPlatforms) = preSolution
		Debug|Any CPU = Debug|Any CPU
		Release|Any CPU = Release|Any CPU
	EndGlobalSection
	GlobalSection(ProjectConfigurationPlatforms) = postSolution
		{C34BE7ED-1957-46A9-A08A-0A771AAEC102}.Debug|Any CPU.ActiveCfg = Debug|Any CPU
		{C34BE7ED-1957-46A9-A08A-0A771AAEC102}.Debug|Any CPU.Build.0 = Debug|Any CPU
		{C34BE7ED-1957-46A9-A08A-0A771AAEC102}.Release|Any CPU.ActiveCfg = Release|Any CPU
		{C34BE7ED-1957-46A9-A08A-0A771AAEC102}.Release|Any CPU.Build.0 = Release|Any CPU
		{3307ADA5-9F2C-464D-ABD9-8BA106217DD0}.Debug|Any CPU.ActiveCfg = Debug|Any CPU
		{3307ADA5-9F2C-464D-ABD9-8BA106217DD0}.Debug|Any CPU.Build.0 = Debug|Any CPU
		{3307ADA5-9F2C-464D-ABD9-8BA106217DD0}.Release|Any CPU.ActiveCfg = Release|Any CPU
		{3307ADA5-9F2C-464D-ABD9-8BA106217DD0}.Release|Any CPU.Build.0 = Release|Any CPU
	EndGlobalSection
	GlobalSection(SolutionProperties) = preSolution
		HideSolutionNode = FALSE
	EndGlobalSection
EndGlobal
